
Microsoft Visual Studio Solution File, Format Version 12.00
# Visual Studio Version 17
VisualStudioVersion = 17.4.33213.308
MinimumVisualStudioVersion = 10.0.40219.1
Project("{FAE04EC0-301F-11D3-BF4B-00C04F79EFBC}") = "WebApi", "WebApı\WebApi.csproj", "{C5B0E100-1E49-4B69-9EAF-9627DA5E0CEB}"
EndProject
Global
	GlobalSection(SolutionConfigurationPlatforms) = preSolution
		Debug|Any CPU = Debug|Any CPU
		Release|Any CPU = Release|Any CPU
	EndGlobalSection
	GlobalSection(ProjectConfigurationPlatforms) = postSolution
		{C5B0E100-1E49-4B69-9EAF-9627DA5E0CEB}.Debug|Any CPU.ActiveCfg = Debug|Any CPU
		{C5B0E100-1E49-4B69-9EAF-9627DA5E0CEB}.Debug|Any CPU.Build.0 = Debug|Any CPU
		{C5B0E100-1E49-4B69-9EAF-9627DA5E0CEB}.Release|Any CPU.ActiveCfg = Release|Any CPU
		{C5B0E100-1E49-4B69-9EAF-9627DA5E0CEB}.Release|Any CPU.Build.0 = Release|Any CPU
	EndGlobalSection
	GlobalSection(SolutionProperties) = preSolution
		HideSolutionNode = FALSE
	EndGlobalSection
	GlobalSection(ExtensibilityGlobals) = postSolution
		SolutionGuid = {3177CE6E-3AAF-4674-9EF5-ED55D5A2EE99}
	EndGlobalSection
EndGlobal
